
Microsoft Visual Studio Solution File, Format Version 12.00
# Visual Studio 2013
VisualStudioVersion = 12.0.31101.0
MinimumVisualStudioVersion = 10.0.40219.1
Project("{FAE04EC0-301F-11D3-BF4B-00C04F79EFBC}") = "Bierstrichler.Data", "BierData\Bierstrichler.Data.csproj", "{A637C863-6C98-4FDF-A067-C025937E745B}"
EndProject
Project("{FAE04EC0-301F-11D3-BF4B-00C04F79EFBC}") = "Bierstrichler", "Bierstrichler\Bierstrichler.csproj", "{806EF17C-E372-4C7A-8642-7A964C0A6BB5}"
EndProject
Project("{FAE04EC0-301F-11D3-BF4B-00C04F79EFBC}") = "Bierstrichler.UnitTest", "Bierstrichler.UnitTest\Bierstrichler.UnitTest.csproj", "{2518451A-E746-48A9-98B2-D1DB2651452C}"
EndProject
Project("{FAE04EC0-301F-11D3-BF4B-00C04F79EFBC}") = "Bierstrichler.Data.UnitTest", "Bierstrichler.Data.UnitTest\Bierstrichler.Data.UnitTest.csproj", "{67B2935B-B868-4718-81D6-75347717FDBB}"
EndProject
Project("{2150E333-8FDC-42A3-9474-1A3956D46DE8}") = "Tests", "Tests", "{B53CB653-DBE1-4D2B-B32C-68D9CB121229}"
EndProject
Project("{F184B08F-C81C-45F6-A57F-5ABD9991F28F}") = "WebcamControl", "WebcamControl\WebcamControl.vbproj", "{72108E55-77EC-4C0C-9B6F-A5D882726A6B}"
EndProject
Project("{2150E333-8FDC-42A3-9474-1A3956D46DE8}") = "Documentation", "Documentation", "{08F1BAA6-7B6E-45D8-A045-5B25E5AA4B85}"
	ProjectSection(SolutionItems) = preProject
		BugList.txt = BugList.txt
		Bierstrichler\Documentation\Changelog.txt = Bierstrichler\Documentation\Changelog.txt
		TODO.txt = TODO.txt
	EndProjectSection
EndProject
Global
	GlobalSection(SubversionScc) = preSolution
		Svn-Managed = True
		Manager = AnkhSVN - Subversion Support for Visual Studio
	EndGlobalSection
	GlobalSection(SolutionConfigurationPlatforms) = preSolution
		Debug|Any CPU = Debug|Any CPU
		Debug|x86 = Debug|x86
		Release|Any CPU = Release|Any CPU
		Release|x86 = Release|x86
	EndGlobalSection
	GlobalSection(ProjectConfigurationPlatforms) = postSolution
		{A637C863-6C98-4FDF-A067-C025937E745B}.Debug|Any CPU.ActiveCfg = Debug|Any CPU
		{A637C863-6C98-4FDF-A067-C025937E745B}.Debug|Any CPU.Build.0 = Debug|Any CPU
		{A637C863-6C98-4FDF-A067-C025937E745B}.Debug|x86.ActiveCfg = Debug|Any CPU
		{A637C863-6C98-4FDF-A067-C025937E745B}.Release|Any CPU.ActiveCfg = Release|Any CPU
		{A637C863-6C98-4FDF-A067-C025937E745B}.Release|Any CPU.Build.0 = Release|Any CPU
		{A637C863-6C98-4FDF-A067-C025937E745B}.Release|x86.ActiveCfg = Release|Any CPU
		{806EF17C-E372-4C7A-8642-7A964C0A6BB5}.Debug|Any CPU.ActiveCfg = Debug|Any CPU
		{806EF17C-E372-4C7A-8642-7A964C0A6BB5}.Debug|Any CPU.Build.0 = Debug|Any CPU
		{806EF17C-E372-4C7A-8642-7A964C0A6BB5}.Debug|x86.ActiveCfg = Debug|Any CPU
		{806EF17C-E372-4C7A-8642-7A964C0A6BB5}.Release|Any CPU.ActiveCfg = Release|Any CPU
		{806EF17C-E372-4C7A-8642-7A964C0A6BB5}.Release|Any CPU.Build.0 = Release|Any CPU
		{806EF17C-E372-4C7A-8642-7A964C0A6BB5}.Release|x86.ActiveCfg = Release|Any CPU
		{2518451A-E746-48A9-98B2-D1DB2651452C}.Debug|Any CPU.ActiveCfg = Debug|Any CPU
		{2518451A-E746-48A9-98B2-D1DB2651452C}.Debug|Any CPU.Build.0 = Debug|Any CPU
		{2518451A-E746-48A9-98B2-D1DB2651452C}.Debug|x86.ActiveCfg = Debug|Any CPU
		{2518451A-E746-48A9-98B2-D1DB2651452C}.Release|Any CPU.ActiveCfg = Release|Any CPU
		{2518451A-E746-48A9-98B2-D1DB2651452C}.Release|Any CPU.Build.0 = Release|Any CPU
		{2518451A-E746-48A9-98B2-D1DB2651452C}.Release|x86.ActiveCfg = Release|Any CPU
		{67B2935B-B868-4718-81D6-75347717FDBB}.Debug|Any CPU.ActiveCfg = Debug|Any CPU
		{67B2935B-B868-4718-81D6-75347717FDBB}.Debug|Any CPU.Build.0 = Debug|Any CPU
		{67B2935B-B868-4718-81D6-75347717FDBB}.Debug|x86.ActiveCfg = Debug|Any CPU
		{67B2935B-B868-4718-81D6-75347717FDBB}.Release|Any CPU.ActiveCfg = Release|Any CPU
		{67B2935B-B868-4718-81D6-75347717FDBB}.Release|Any CPU.Build.0 = Release|Any CPU
		{67B2935B-B868-4718-81D6-75347717FDBB}.Release|x86.ActiveCfg = Release|Any CPU
		{72108E55-77EC-4C0C-9B6F-A5D882726A6B}.Debug|Any CPU.ActiveCfg = Debug|Any CPU
		{72108E55-77EC-4C0C-9B6F-A5D882726A6B}.Debug|Any CPU.Build.0 = Debug|Any CPU
		{72108E55-77EC-4C0C-9B6F-A5D882726A6B}.Debug|x86.ActiveCfg = Debug|x86
		{72108E55-77EC-4C0C-9B6F-A5D882726A6B}.Debug|x86.Build.0 = Debug|x86
		{72108E55-77EC-4C0C-9B6F-A5D882726A6B}.Release|Any CPU.ActiveCfg = Release|Any CPU
		{72108E55-77EC-4C0C-9B6F-A5D882726A6B}.Release|Any CPU.Build.0 = Release|Any CPU
		{72108E55-77EC-4C0C-9B6F-A5D882726A6B}.Release|x86.ActiveCfg = Release|x86
		{72108E55-77EC-4C0C-9B6F-A5D882726A6B}.Release|x86.Build.0 = Release|x86
	EndGlobalSection
	GlobalSection(SolutionProperties) = preSolution
		HideSolutionNode = FALSE
	EndGlobalSection
	GlobalSection(NestedProjects) = preSolution
		{2518451A-E746-48A9-98B2-D1DB2651452C} = {B53CB653-DBE1-4D2B-B32C-68D9CB121229}
		{67B2935B-B868-4718-81D6-75347717FDBB} = {B53CB653-DBE1-4D2B-B32C-68D9CB121229}
	EndGlobalSection
EndGlobal
